github.com/cipheras/gohelper v1.4.4 h1:DI81QfbT7LqgEk8cK2b1+PCuKFC7lZ79Dwli3S4CmtE=
github.com/cipheras/gohelper v1.4.4/go.mod h1:LAdAhKloC2GntpxN9mRKANRL/4eo18cYxEgVgRzq9oQ=
golang.org/x/sys v0.0.0-20201009025420-dfb3f7c4e634 h1:bNEHhJCnrwMKNMmOx3yAynp5vs5/gRy+XWFtZFu7NBM=
golang.org/x/sys v0.0.0-20201009025420-dfb3f7c4e634/go.mod h1:h1NjWce9XRLGQEsW7wpKNCjG9DtNlClVuFLEZdDNbEs=
